
Microsoft Visual Studio Solution File, Format Version 12.00
Project("{2150E333-8FDC-42A3-9474-1A3956D46DE8}") = "src", "src", "{827E0CD3-B72D-47B6-A68D-7590B98EB39B}"
EndProject
Project("{FAE04EC0-301F-11D3-BF4B-00C04F79EFBC}") = "Flirty", "src\Flirty\Flirty.csproj", "{FC535D88-64E9-41C8-A21B-6C8D43AA4BC6}"
EndProject
Project("{FAE04EC0-301F-11D3-BF4B-00C04F79EFBC}") = "Flirty.AspNetCore", "src\Flirty.AspNetCore\Flirty.AspNetCore.csproj", "{58AF2DC2-D2FD-4D26-9955-6A90BD99EF2F}"
EndProject
Project("{FAE04EC0-301F-11D3-BF4B-00C04F79EFBC}") = "Flirty.Designer", "src\Flirty.Designer\Flirty.Designer.csproj", "{CB92F74F-6BA9-43BA-8A0E-6A1EA3C1EDDE}"
EndProject
Project("{FAE04EC0-301F-11D3-BF4B-00C04F79EFBC}") = "Flirty.Samples", "src\Flirty.Samples\Flirty.Samples.csproj", "{2AC0E03E-6854-45D6-A5D2-AF9951F2F01E}"
EndProject
Project("{2150E333-8FDC-42A3-9474-1A3956D46DE8}") = "tests", "tests", "{0AB3BF05-4346-4AA6-1389-037BE0695223}"
EndProject
Project("{FAE04EC0-301F-11D3-BF4B-00C04F79EFBC}") = "Flirty.Tests", "tests\Flirty.Tests\Flirty.Tests.csproj", "{13D710F5-F951-4E85-B9A4-93AF5FF6541A}"
EndProject
Project("{FAE04EC0-301F-11D3-BF4B-00C04F79EFBC}") = "Flirty.E2E", "tests\Flirty.E2E\Flirty.E2E.csproj", "{2B9137C3-85E1-4974-8C88-32A9224B93C6}"
EndProject
Project("{FAE04EC0-301F-11D3-BF4B-00C04F79EFBC}") = "Flirty.Migrations.Sqlite", "src\Flirty.Migrations.Sqlite\Flirty.Migrations.Sqlite.csproj", "{1589EAAF-F64F-432F-858F-594A32D1A707}"
EndProject
Project("{FAE04EC0-301F-11D3-BF4B-00C04F79EFBC}") = "Flirty.Migrations.PostgreSql", "src\Flirty.Migrations.PostgreSql\Flirty.Migrations.PostgreSql.csproj", "{D7D7D3BF-87B5-4936-922B-D885BCA22818}"
EndProject
Project("{FAE04EC0-301F-11D3-BF4B-00C04F79EFBC}") = "Flirty.Migrations.SqlServer", "src\Flirty.Migrations.SqlServer\Flirty.Migrations.SqlServer.csproj", "{501C4B50-FEE7-44F2-8FB5-AC8AB80583ED}"
EndProject
Global
	GlobalSection(SolutionConfigurationPlatforms) = preSolution
		Debug|Any CPU = Debug|Any CPU
		Debug|x64 = Debug|x64
		Debug|x86 = Debug|x86
		Release|Any CPU = Release|Any CPU
		Release|x64 = Release|x64
		Release|x86 = Release|x86
	EndGlobalSection
	GlobalSection(ProjectConfigurationPlatforms) = postSolution
		{FC535D88-64E9-41C8-A21B-6C8D43AA4BC6}.Debug|Any CPU.ActiveCfg = Debug|Any CPU
		{FC535D88-64E9-41C8-A21B-6C8D43AA4BC6}.Debug|Any CPU.Build.0 = Debug|Any CPU
		{FC535D88-64E9-41C8-A21B-6C8D43AA4BC6}.Debug|x64.ActiveCfg = Debug|Any CPU
		{FC535D88-64E9-41C8-A21B-6C8D43AA4BC6}.Debug|x64.Build.0 = Debug|Any CPU
		{FC535D88-64E9-41C8-A21B-6C8D43AA4BC6}.Debug|x86.ActiveCfg = Debug|Any CPU
		{FC535D88-64E9-41C8-A21B-6C8D43AA4BC6}.Debug|x86.Build.0 = Debug|Any CPU
		{FC535D88-64E9-41C8-A21B-6C8D43AA4BC6}.Release|Any CPU.ActiveCfg = Release|Any CPU
		{FC535D88-64E9-41C8-A21B-6C8D43AA4BC6}.Release|Any CPU.Build.0 = Release|Any CPU
		{FC535D88-64E9-41C8-A21B-6C8D43AA4BC6}.Release|x64.ActiveCfg = Release|Any CPU
		{FC535D88-64E9-41C8-A21B-6C8D43AA4BC6}.Release|x64.Build.0 = Release|Any CPU
		{FC535D88-64E9-41C8-A21B-6C8D43AA4BC6}.Release|x86.ActiveCfg = Release|Any CPU
		{FC535D88-64E9-41C8-A21B-6C8D43AA4BC6}.Release|x86.Build.0 = Release|Any CPU
		{58AF2DC2-D2FD-4D26-9955-6A90BD99EF2F}.Debug|Any CPU.ActiveCfg = Debug|Any CPU
		{58AF2DC2-D2FD-4D26-9955-6A90BD99EF2F}.Debug|Any CPU.Build.0 = Debug|Any CPU
		{58AF2DC2-D2FD-4D26-9955-6A90BD99EF2F}.Debug|x64.ActiveCfg = Debug|Any CPU
		{58AF2DC2-D2FD-4D26-9955-6A90BD99EF2F}.Debug|x64.Build.0 = Debug|Any CPU
		{58AF2DC2-D2FD-4D26-9955-6A90BD99EF2F}.Debug|x86.ActiveCfg = Debug|Any CPU
		{58AF2DC2-D2FD-4D26-9955-6A90BD99EF2F}.Debug|x86.Build.0 = Debug|Any CPU
		{58AF2DC2-D2FD-4D26-9955-6A90BD99EF2F}.Release|Any CPU.ActiveCfg = Release|Any CPU
		{58AF2DC2-D2FD-4D26-9955-6A90BD99EF2F}.Release|Any CPU.Build.0 = Release|Any CPU
		{58AF2DC2-D2FD-4D26-9955-6A90BD99EF2F}.Release|x64.ActiveCfg = Release|Any CPU
		{58AF2DC2-D2FD-4D26-9955-6A90BD99EF2F}.Release|x64.Build.0 = Release|Any CPU
		{58AF2DC2-D2FD-4D26-9955-6A90BD99EF2F}.Release|x86.ActiveCfg = Release|Any CPU
		{58AF2DC2-D2FD-4D26-9955-6A90BD99EF2F}.Release|x86.Build.0 = Release|Any CPU
		{CB92F74F-6BA9-43BA-8A0E-6A1EA3C1EDDE}.Debug|Any CPU.ActiveCfg = Debug|Any CPU
		{CB92F74F-6BA9-43BA-8A0E-6A1EA3C1EDDE}.Debug|Any CPU.Build.0 = Debug|Any CPU
		{CB92F74F-6BA9-43BA-8A0E-6A1EA3C1EDDE}.Debug|x64.ActiveCfg = Debug|Any CPU
		{CB92F74F-6BA9-43BA-8A0E-6A1EA3C1EDDE}.Debug|x64.Build.0 = Debug|Any CPU
		{CB92F74F-6BA9-43BA-8A0E-6A1EA3C1EDDE}.Debug|x86.ActiveCfg = Debug|Any CPU
		{CB92F74F-6BA9-43BA-8A0E-6A1EA3C1EDDE}.Debug|x86.Build.0 = Debug|Any CPU
		{CB92F74F-6BA9-43BA-8A0E-6A1EA3C1EDDE}.Release|Any CPU.ActiveCfg = Release|Any CPU
		{CB92F74F-6BA9-43BA-8A0E-6A1EA3C1EDDE}.Release|Any CPU.Build.0 = Release|Any CPU
		{CB92F74F-6BA9-43BA-8A0E-6A1EA3C1EDDE}.Release|x64.ActiveCfg = Release|Any CPU
		{CB92F74F-6BA9-43BA-8A0E-6A1EA3C1EDDE}.Release|x64.Build.0 = Release|Any CPU
		{CB92F74F-6BA9-43BA-8A0E-6A1EA3C1EDDE}.Release|x86.ActiveCfg = Release|Any CPU
		{CB92F74F-6BA9-43BA-8A0E-6A1EA3C1EDDE}.Release|x86.Build.0 = Release|Any CPU
		{2AC0E03E-6854-45D6-A5D2-AF9951F2F01E}.Debug|Any CPU.ActiveCfg = Debug|Any CPU
		{2AC0E03E-6854-45D6-A5D2-AF9951F2F01E}.Debug|Any CPU.Build.0 = Debug|Any CPU
		{2AC0E03E-6854-45D6-A5D2-AF9951F2F01E}.Debug|x64.ActiveCfg = Debug|Any CPU
		{2AC0E03E-6854-45D6-A5D2-AF9951F2F01E}.Debug|x64.Build.0 = Debug|Any CPU
		{2AC0E03E-6854-45D6-A5D2-AF9951F2F01E}.Debug|x86.ActiveCfg = Debug|Any CPU
		{2AC0E03E-6854-45D6-A5D2-AF9951F2F01E}.Debug|x86.Build.0 = Debug|Any CPU
		{2AC0E03E-6854-45D6-A5D2-AF9951F2F01E}.Release|Any CPU.ActiveCfg = Release|Any CPU
		{2AC0E03E-6854-45D6-A5D2-AF9951F2F01E}.Release|Any CPU.Build.0 = Release|Any CPU
		{2AC0E03E-6854-45D6-A5D2-AF9951F2F01E}.Release|x64.ActiveCfg = Release|Any CPU
		{2AC0E03E-6854-45D6-A5D2-AF9951F2F01E}.Release|x64.Build.0 = Release|Any CPU
		{2AC0E03E-6854-45D6-A5D2-AF9951F2F01E}.Release|x86.ActiveCfg = Release|Any CPU
		{2AC0E03E-6854-45D6-A5D2-AF9951F2F01E}.Release|x86.Build.0 = Release|Any CPU
		{13D710F5-F951-4E85-B9A4-93AF5FF6541A}.Debug|Any CPU.ActiveCfg = Debug|Any CPU
		{13D710F5-F951-4E85-B9A4-93AF5FF6541A}.Debug|Any CPU.Build.0 = Debug|Any CPU
		{13D710F5-F951-4E85-B9A4-93AF5FF6541A}.Debug|x64.ActiveCfg = Debug|Any CPU
		{13D710F5-F951-4E85-B9A4-93AF5FF6541A}.Debug|x64.Build.0 = Debug|Any CPU
		{13D710F5-F951-4E85-B9A4-93AF5FF6541A}.Debug|x86.ActiveCfg = Debug|Any CPU
		{13D710F5-F951-4E85-B9A4-93AF5FF6541A}.Debug|x86.Build.0 = Debug|Any CPU
		{13D710F5-F951-4E85-B9A4-93AF5FF6541A}.Release|Any CPU.ActiveCfg = Release|Any CPU
		{13D710F5-F951-4E85-B9A4-93AF5FF6541A}.Release|Any CPU.Build.0 = Release|Any CPU
		{13D710F5-F951-4E85-B9A4-93AF5FF6541A}.Release|x64.ActiveCfg = Release|Any CPU
		{13D710F5-F951-4E85-B9A4-93AF5FF6541A}.Release|x64.Build.0 = Release|Any CPU
		{13D710F5-F951-4E85-B9A4-93AF5FF6541A}.Release|x86.ActiveCfg = Release|Any CPU
		{13D710F5-F951-4E85-B9A4-93AF5FF6541A}.Release|x86.Build.0 = Release|Any CPU
		{2B9137C3-85E1-4974-8C88-32A9224B93C6}.Debug|Any CPU.ActiveCfg = Debug|Any CPU
		{2B9137C3-85E1-4974-8C88-32A9224B93C6}.Debug|Any CPU.Build.0 = Debug|Any CPU
		{2B9137C3-85E1-4974-8C88-32A9224B93C6}.Debug|x64.ActiveCfg = Debug|Any CPU
		{2B9137C3-85E1-4974-8C88-32A9224B93C6}.Debug|x64.Build.0 = Debug|Any CPU
		{2B9137C3-85E1-4974-8C88-32A9224B93C6}.Debug|x86.ActiveCfg = Debug|Any CPU
		{2B9137C3-85E1-4974-8C88-32A9224B93C6}.Debug|x86.Build.0 = Debug|Any CPU
		{2B9137C3-85E1-4974-8C88-32A9224B93C6}.Release|Any CPU.ActiveCfg = Release|Any CPU
		{2B9137C3-85E1-4974-8C88-32A9224B93C6}.Release|Any CPU.Build.0 = Release|Any CPU
		{2B9137C3-85E1-4974-8C88-32A9224B93C6}.Release|x64.ActiveCfg = Release|Any CPU
		{2B9137C3-85E1-4974-8C88-32A9224B93C6}.Release|x64.Build.0 = Release|Any CPU
		{2B9137C3-85E1-4974-8C88-32A9224B93C6}.Release|x86.ActiveCfg = Release|Any CPU
		{2B9137C3-85E1-4974-8C88-32A9224B93C6}.Release|x86.Build.0 = Release|Any CPU
		{1589EAAF-F64F-432F-858F-594A32D1A707}.Debug|Any CPU.ActiveCfg = Debug|Any CPU
		{1589EAAF-F64F-432F-858F-594A32D1A707}.Debug|Any CPU.Build.0 = Debug|Any CPU
		{1589EAAF-F64F-432F-858F-594A32D1A707}.Debug|x64.ActiveCfg = Debug|Any CPU
		{1589EAAF-F64F-432F-858F-594A32D1A707}.Debug|x64.Build.0 = Debug|Any CPU
		{1589EAAF-F64F-432F-858F-594A32D1A707}.Debug|x86.ActiveCfg = Debug|Any CPU
		{1589EAAF-F64F-432F-858F-594A32D1A707}.Debug|x86.Build.0 = Debug|Any CPU
		{1589EAAF-F64F-432F-858F-594A32D1A707}.Release|Any CPU.ActiveCfg = Release|Any CPU
		{1589EAAF-F64F-432F-858F-594A32D1A707}.Release|Any CPU.Build.0 = Release|Any CPU
		{1589EAAF-F64F-432F-858F-594A32D1A707}.Release|x64.ActiveCfg = Release|Any CPU
		{1589EAAF-F64F-432F-858F-594A32D1A707}.Release|x64.Build.0 = Release|Any CPU
		{1589EAAF-F64F-432F-858F-594A32D1A707}.Release|x86.ActiveCfg = Release|Any CPU
		{1589EAAF-F64F-432F-858F-594A32D1A707}.Release|x86.Build.0 = Release|Any CPU
		{D7D7D3BF-87B5-4936-922B-D885BCA22818}.Debug|Any CPU.ActiveCfg = Debug|Any CPU
		{D7D7D3BF-87B5-4936-922B-D885BCA22818}.Debug|Any CPU.Build.0 = Debug|Any CPU
		{D7D7D3BF-87B5-4936-922B-D885BCA22818}.Debug|x64.ActiveCfg = Debug|Any CPU
		{D7D7D3BF-87B5-4936-922B-D885BCA22818}.Debug|x64.Build.0 = Debug|Any CPU
		{D7D7D3BF-87B5-4936-922B-D885BCA22818}.Debug|x86.ActiveCfg = Debug|Any CPU
		{D7D7D3BF-87B5-4936-922B-D885BCA22818}.Debug|x86.Build.0 = Debug|Any CPU
		{D7D7D3BF-87B5-4936-922B-D885BCA22818}.Release|Any CPU.ActiveCfg = Release|Any CPU
		{D7D7D3BF-87B5-4936-922B-D885BCA22818}.Release|Any CPU.Build.0 = Release|Any CPU
		{D7D7D3BF-87B5-4936-922B-D885BCA22818}.Release|x64.ActiveCfg = Release|Any CPU
		{D7D7D3BF-87B5-4936-922B-D885BCA22818}.Release|x64.Build.0 = Release|Any CPU
		{D7D7D3BF-87B5-4936-922B-D885BCA22818}.Release|x86.ActiveCfg = Release|Any CPU
		{D7D7D3BF-87B5-4936-922B-D885BCA22818}.Release|x86.Build.0 = Release|Any CPU
		{501C4B50-FEE7-44F2-8FB5-AC8AB80583ED}.Debug|Any CPU.ActiveCfg = Debug|Any CPU
		{501C4B50-FEE7-44F2-8FB5-AC8AB80583ED}.Debug|Any CPU.Build.0 = Debug|Any CPU
		{501C4B50-FEE7-44F2-8FB5-AC8AB80583ED}.Debug|x64.ActiveCfg = Debug|Any CPU
		{501C4B50-FEE7-44F2-8FB5-AC8AB80583ED}.Debug|x64.Build.0 = Debug|Any CPU
		{501C4B50-FEE7-44F2-8FB5-AC8AB80583ED}.Debug|x86.ActiveCfg = Debug|Any CPU
		{501C4B50-FEE7-44F2-8FB5-AC8AB80583ED}.Debug|x86.Build.0 = Debug|Any CPU
		{501C4B50-FEE7-44F2-8FB5-AC8AB80583ED}.Release|Any CPU.ActiveCfg = Release|Any CPU
		{501C4B50-FEE7-44F2-8FB5-AC8AB80583ED}.Release|Any CPU.Build.0 = Release|Any CPU
		{501C4B50-FEE7-44F2-8FB5-AC8AB80583ED}.Release|x64.ActiveCfg = Release|Any CPU
		{501C4B50-FEE7-44F2-8FB5-AC8AB80583ED}.Release|x64.Build.0 = Release|Any CPU
		{501C4B50-FEE7-44F2-8FB5-AC8AB80583ED}.Release|x86.ActiveCfg = Release|Any CPU
		{501C4B50-FEE7-44F2-8FB5-AC8AB80583ED}.Release|x86.Build.0 = Release|Any CPU
	EndGlobalSection
	GlobalSection(SolutionProperties) = preSolution
		HideSolutionNode = FALSE
	EndGlobalSection
	GlobalSection(NestedProjects) = preSolution
		{FC535D88-64E9-41C8-A21B-6C8D43AA4BC6} = {827E0CD3-B72D-47B6-A68D-7590B98EB39B}
		{58AF2DC2-D2FD-4D26-9955-6A90BD99EF2F} = {827E0CD3-B72D-47B6-A68D-7590B98EB39B}
		{CB92F74F-6BA9-43BA-8A0E-6A1EA3C1EDDE} = {827E0CD3-B72D-47B6-A68D-7590B98EB39B}
		{2AC0E03E-6854-45D6-A5D2-AF9951F2F01E} = {827E0CD3-B72D-47B6-A68D-7590B98EB39B}
		{13D710F5-F951-4E85-B9A4-93AF5FF6541A} = {0AB3BF05-4346-4AA6-1389-037BE0695223}
		{2B9137C3-85E1-4974-8C88-32A9224B93C6} = {0AB3BF05-4346-4AA6-1389-037BE0695223}
		{1589EAAF-F64F-432F-858F-594A32D1A707} = {827E0CD3-B72D-47B6-A68D-7590B98EB39B}
		{D7D7D3BF-87B5-4936-922B-D885BCA22818} = {827E0CD3-B72D-47B6-A68D-7590B98EB39B}
		{501C4B50-FEE7-44F2-8FB5-AC8AB80583ED} = {827E0CD3-B72D-47B6-A68D-7590B98EB39B}
	EndGlobalSection
EndGlobal
